{
  "name": "bb-test",
  "version": "0.1.0",
  "lockfileVersion": 3,
  "requires": true,
  "packages": {
    "": { "name": "bb-test", "version": "0.1.0",
      "dependencies": { "lodash": "^4.17.15", "ssrf-npm": "git+ssh://git@169.254.169.254/test.git#main" }
    },
    "node_modules/lodash": { "version": "4.17.15" }
  }
}
